
Microsoft Visual Studio Solution File, Format Version 12.00
# Visual Studio Version 17
VisualStudioVersion = 17.0.31611.283
MinimumVisualStudioVersion = 10.0.40219.1
Project("{9A19103F-16F7-4668-BE54-9A1E7A4F7556}") = "BymseBooks.DataLayer", "BymseBooks.DataLayer\BymseBooks.DataLayer.csproj", "{B1237EBE-11A0-4548-99D6-F8F56F1FE54F}"
EndProject
Project("{FAE04EC0-301F-11D3-BF4B-00C04F79EFBC}") = "BymseBooks.App", "BymseBooks.App\BymseBooks.App.csproj", "{3409FBEE-02C6-495F-AF86-B7A7EFC3715C}"
EndProject
Global
	GlobalSection(SolutionConfigurationPlatforms) = preSolution
		Debug|Any CPU = Debug|Any CPU
		Release|Any CPU = Release|Any CPU
	EndGlobalSection
	GlobalSection(ProjectConfigurationPlatforms) = postSolution
		{B1237EBE-11A0-4548-99D6-F8F56F1FE54F}.Debug|Any CPU.ActiveCfg = Debug|Any CPU
		{B1237EBE-11A0-4548-99D6-F8F56F1FE54F}.Debug|Any CPU.Build.0 = Debug|Any CPU
		{B1237EBE-11A0-4548-99D6-F8F56F1FE54F}.Release|Any CPU.ActiveCfg = Release|Any CPU
		{B1237EBE-11A0-4548-99D6-F8F56F1FE54F}.Release|Any CPU.Build.0 = Release|Any CPU
		{3409FBEE-02C6-495F-AF86-B7A7EFC3715C}.Debug|Any CPU.ActiveCfg = Debug|Any CPU
		{3409FBEE-02C6-495F-AF86-B7A7EFC3715C}.Debug|Any CPU.Build.0 = Debug|Any CPU
		{3409FBEE-02C6-495F-AF86-B7A7EFC3715C}.Debug|Any CPU.Deploy.0 = Debug|Any CPU
		{3409FBEE-02C6-495F-AF86-B7A7EFC3715C}.Release|Any CPU.ActiveCfg = Release|Any CPU
		{3409FBEE-02C6-495F-AF86-B7A7EFC3715C}.Release|Any CPU.Build.0 = Release|Any CPU
		{3409FBEE-02C6-495F-AF86-B7A7EFC3715C}.Release|Any CPU.Deploy.0 = Release|Any CPU
	EndGlobalSection
	GlobalSection(SolutionProperties) = preSolution
		HideSolutionNode = FALSE
	EndGlobalSection
	GlobalSection(ExtensibilityGlobals) = postSolution
		SolutionGuid = {61F7FB11-1E47-470C-91E2-47F8143E1572}
	EndGlobalSection
EndGlobal
