
Microsoft Visual Studio Solution File, Format Version 12.00
# Visual Studio Version 17
VisualStudioVersion = 17.0.31611.283
MinimumVisualStudioVersion = 10.0.40219.1
Project("{9A19103F-16F7-4668-BE54-9A1E7A4F7556}") = "BymseRead.Legacy.DataLayer", "BymseRead.Legacy.DataLayer\BymseRead.Legacy.DataLayer.csproj", "{B1237EBE-11A0-4548-99D6-F8F56F1FE54F}"
EndProject
Project("{9A19103F-16F7-4668-BE54-9A1E7A4F7556}") = "BymseRead.Legacy.Core", "BymseRead.Legacy.Core\BymseRead.Legacy.Core.csproj", "{BA850E4D-199B-41E4-9126-C9865C791144}"
EndProject
Project("{FAE04EC0-301F-11D3-BF4B-00C04F79EFBC}") = "BymseRead.Core", "BymseRead.Core\BymseRead.Core.csproj", "{EFAFBCC7-2DA9-4811-B468-F0C90B92FEFA}"
EndProject
Project("{FAE04EC0-301F-11D3-BF4B-00C04F79EFBC}") = "BymseRead.Infrastructure", "BymseRead.Infrastructure\BymseRead.Infrastructure.csproj", "{B106E009-81A6-4C55-838C-16F9FE1323EC}"
EndProject
Project("{FAE04EC0-301F-11D3-BF4B-00C04F79EFBC}") = "BymseRead.DbMigrator", "BymseRead.DbMigrator\BymseRead.DbMigrator.csproj", "{9975B443-42C2-4DD8-935E-00DDEE50A3EE}"
EndProject
Project("{FAE04EC0-301F-11D3-BF4B-00C04F79EFBC}") = "BymseRead.Web", "BymseRead.Web\BymseRead.Web.csproj", "{9093BB11-7537-4F64-B039-EA0A31810EF6}"
EndProject
Global
	GlobalSection(SolutionConfigurationPlatforms) = preSolution
		Debug|Any CPU = Debug|Any CPU
		Release|Any CPU = Release|Any CPU
	EndGlobalSection
	GlobalSection(ProjectConfigurationPlatforms) = postSolution
		{B1237EBE-11A0-4548-99D6-F8F56F1FE54F}.Debug|Any CPU.ActiveCfg = Debug|Any CPU
		{B1237EBE-11A0-4548-99D6-F8F56F1FE54F}.Debug|Any CPU.Build.0 = Debug|Any CPU
		{B1237EBE-11A0-4548-99D6-F8F56F1FE54F}.Release|Any CPU.ActiveCfg = Release|Any CPU
		{B1237EBE-11A0-4548-99D6-F8F56F1FE54F}.Release|Any CPU.Build.0 = Release|Any CPU
		{BA850E4D-199B-41E4-9126-C9865C791144}.Debug|Any CPU.ActiveCfg = Debug|Any CPU
		{BA850E4D-199B-41E4-9126-C9865C791144}.Debug|Any CPU.Build.0 = Debug|Any CPU
		{BA850E4D-199B-41E4-9126-C9865C791144}.Release|Any CPU.ActiveCfg = Release|Any CPU
		{BA850E4D-199B-41E4-9126-C9865C791144}.Release|Any CPU.Build.0 = Release|Any CPU
		{EFAFBCC7-2DA9-4811-B468-F0C90B92FEFA}.Debug|Any CPU.ActiveCfg = Debug|Any CPU
		{EFAFBCC7-2DA9-4811-B468-F0C90B92FEFA}.Debug|Any CPU.Build.0 = Debug|Any CPU
		{EFAFBCC7-2DA9-4811-B468-F0C90B92FEFA}.Release|Any CPU.ActiveCfg = Release|Any CPU
		{EFAFBCC7-2DA9-4811-B468-F0C90B92FEFA}.Release|Any CPU.Build.0 = Release|Any CPU
		{B106E009-81A6-4C55-838C-16F9FE1323EC}.Debug|Any CPU.ActiveCfg = Debug|Any CPU
		{B106E009-81A6-4C55-838C-16F9FE1323EC}.Debug|Any CPU.Build.0 = Debug|Any CPU
		{B106E009-81A6-4C55-838C-16F9FE1323EC}.Release|Any CPU.ActiveCfg = Release|Any CPU
		{B106E009-81A6-4C55-838C-16F9FE1323EC}.Release|Any CPU.Build.0 = Release|Any CPU
		{9975B443-42C2-4DD8-935E-00DDEE50A3EE}.Debug|Any CPU.ActiveCfg = Debug|Any CPU
		{9975B443-42C2-4DD8-935E-00DDEE50A3EE}.Debug|Any CPU.Build.0 = Debug|Any CPU
		{9975B443-42C2-4DD8-935E-00DDEE50A3EE}.Release|Any CPU.ActiveCfg = Release|Any CPU
		{9975B443-42C2-4DD8-935E-00DDEE50A3EE}.Release|Any CPU.Build.0 = Release|Any CPU
		{9093BB11-7537-4F64-B039-EA0A31810EF6}.Debug|Any CPU.ActiveCfg = Debug|Any CPU
		{9093BB11-7537-4F64-B039-EA0A31810EF6}.Debug|Any CPU.Build.0 = Debug|Any CPU
		{9093BB11-7537-4F64-B039-EA0A31810EF6}.Release|Any CPU.ActiveCfg = Release|Any CPU
		{9093BB11-7537-4F64-B039-EA0A31810EF6}.Release|Any CPU.Build.0 = Release|Any CPU
	EndGlobalSection
	GlobalSection(SolutionProperties) = preSolution
		HideSolutionNode = FALSE
	EndGlobalSection
	GlobalSection(ExtensibilityGlobals) = postSolution
		SolutionGuid = {61F7FB11-1E47-470C-91E2-47F8143E1572}
	EndGlobalSection
EndGlobal
